
Microsoft Visual Studio Solution File, Format Version 12.00
# Visual Studio Version 16
VisualStudioVersion = 16.0.31515.178
MinimumVisualStudioVersion = 10.0.40219.1
Project("{FAE04EC0-301F-11D3-BF4B-00C04F79EFBC}") = "OneposStamps", "OneposStamps.csproj", "{DB698817-AE3E-48BA-B528-2AD19B7F0442}"
EndProject
Project("{FAE04EC0-301F-11D3-BF4B-00C04F79EFBC}") = "OneposStampsApi", "..\OneposStampsApi\OneposStampsApi.csproj", "{98A4D809-3455-4412-AD0C-7A113ED99768}"
EndProject
Global
	GlobalSection(SolutionConfigurationPlatforms) = preSolution
		Debug|Any CPU = Debug|Any CPU
		Release|Any CPU = Release|Any CPU
	EndGlobalSection
	GlobalSection(ProjectConfigurationPlatforms) = postSolution
		{DB698817-AE3E-48BA-B528-2AD19B7F0442}.Debug|Any CPU.ActiveCfg = Debug|Any CPU
		{DB698817-AE3E-48BA-B528-2AD19B7F0442}.Debug|Any CPU.Build.0 = Debug|Any CPU
		{DB698817-AE3E-48BA-B528-2AD19B7F0442}.Release|Any CPU.ActiveCfg = Release|Any CPU
		{DB698817-AE3E-48BA-B528-2AD19B7F0442}.Release|Any CPU.Build.0 = Release|Any CPU
		{98A4D809-3455-4412-AD0C-7A113ED99768}.Debug|Any CPU.ActiveCfg = Debug|Any CPU
		{98A4D809-3455-4412-AD0C-7A113ED99768}.Debug|Any CPU.Build.0 = Debug|Any CPU
		{98A4D809-3455-4412-AD0C-7A113ED99768}.Release|Any CPU.ActiveCfg = Release|Any CPU
		{98A4D809-3455-4412-AD0C-7A113ED99768}.Release|Any CPU.Build.0 = Release|Any CPU
	EndGlobalSection
	GlobalSection(SolutionProperties) = preSolution
		HideSolutionNode = FALSE
	EndGlobalSection
	GlobalSection(ExtensibilityGlobals) = postSolution
		SolutionGuid = {269B41D0-325A-426F-A20F-29E865DF396B}
	EndGlobalSection
EndGlobal
